
Microsoft Visual Studio Solution File, Format Version 12.00
# Visual Studio Version 17
VisualStudioVersion = 17.14.36401.2 d17.14
MinimumVisualStudioVersion = 10.0.40219.1
Project("{FAE04EC0-301F-11D3-BF4B-00C04F79EFBC}") = "hospital-mvc", "hospital-mvc\hospital-mvc.csproj", "{1E23A5E2-F36A-4EBC-8AD6-AC7DF2CBF6CF}"
EndProject
Global
	GlobalSection(SolutionConfigurationPlatforms) = preSolution
		Debug|Any CPU = Debug|Any CPU
		Release|Any CPU = Release|Any CPU
	EndGlobalSection
	GlobalSection(ProjectConfigurationPlatforms) = postSolution
		{1E23A5E2-F36A-4EBC-8AD6-AC7DF2CBF6CF}.Debug|Any CPU.ActiveCfg = Debug|Any CPU
		{1E23A5E2-F36A-4EBC-8AD6-AC7DF2CBF6CF}.Debug|Any CPU.Build.0 = Debug|Any CPU
		{1E23A5E2-F36A-4EBC-8AD6-AC7DF2CBF6CF}.Release|Any CPU.ActiveCfg = Release|Any CPU
		{1E23A5E2-F36A-4EBC-8AD6-AC7DF2CBF6CF}.Release|Any CPU.Build.0 = Release|Any CPU
	EndGlobalSection
	GlobalSection(SolutionProperties) = preSolution
		HideSolutionNode = FALSE
	EndGlobalSection
	GlobalSection(ExtensibilityGlobals) = postSolution
		SolutionGuid = {FC94931D-3CA3-43AB-8772-6E2E74A1CEB8}
	EndGlobalSection
EndGlobal
